version = 1
revision = 3
requires-python = ">=3.13"

[[package]]
name = "certifi"
version = "2025.8.3"
source = { registry = "https://pypi.org/simple" }
sdist = { url = "https://files.pythonhosted.org/packages/dc/67/960ebe6bf230a96cda2e0abcf73af550ec4f090005363542f0765df162e0/certifi-2025.8.3.tar.gz", hash = "sha256:e564105f78ded564e3ae7c923924435e1daa7463faeab5bb932bc53ffae63407", size = 162386, upload-time = "2025-08-03T03:07:47.08Z" }
wheels = [
    { url = "https://files.pythonhosted.org/packages/e5/48/1549795ba7742c948d2ad169c1c8cdbae65bc450d6cd753d124b17c8cd32/certifi-2025.8.3-py3-none-any.whl", hash = "sha256:f6c12493cfb1b06ba2ff328595af9350c65d6644968e5d3a2ffd78699af217a5", size = 161216, upload-time = "2025-08-03T03:07:45.777Z" },
]

[[package]]
name = "gel"
version = "3.1.0"
source = { registry = "https://pypi.org/simple" }
dependencies = [
    { name = "certifi", marker = "sys_platform == 'win32'" },
]
sdist = { url = "https://files.pythonhosted.org/packages/9c/70/84cee8eb48a2760893e60e8267502bc16ddef2197dd41f20c103a3f04e01/gel-3.1.0.tar.gz", hash = "sha256:3bb0b21167e00c976675a7d5dd73c21002e659651bf9de7fa46cd418bfa3eb85", size = 1331332, upload-time = "2025-04-29T20:44:49.659Z" }
wheels = [
    { url = "https://files.pythonhosted.org/packages/d1/f4/69cf0d0753e93526659d4810d7816d33a6c72f2934b26d14da283602d175/gel-3.1.0-cp313-cp313-macosx_10_13_x86_64.whl", hash = "sha256:f5e41f4ddc86e054256e81302905e671647577c1aed7249e1781aee1e0cb2f7c", size = 907956, upload-time = "2025-04-29T20:44:28.285Z" },
    { url = "https://files.pythonhosted.org/packages/4f/1b/88cc28e5c58e912b9d74f5b27bb41203af88cac9ea6cf329ccb9f4a23fab/gel-3.1.0-cp313-cp313-macosx_11_0_arm64.whl", hash = "sha256:cd20c45beec358197293ad5c1fcf7fd383153e0d8d7038322085cf27436dc975", size = 863463, upload-time = "2025-04-29T20:44:29.906Z" },
    { url = "https://files.pythonhosted.org/packages/e2/52/57ce33203a606dac51abf16aaa2388d31a4efac434bb3730dc22494cea13/gel-3.1.0-cp313-cp313-manylinux_2_17_aarch64.manylinux2014_aarch64.whl", hash = "sha256:8a526e11ba696d1cf6c876c08afe6ab5f762a227faaa3b78523ebc2511567609", size = 4619168, upload-time = "2025-04-29T20:44:32.895Z" },
    { url = "https://files.pythonhosted.org/packages/eb/ad/eb7958f8197ba763054a706892c4948753f210c6f82ce46f7de9d13d4f94/gel-3.1.0-cp313-cp313-manylinux_2_17_x86_64.manylinux2014_x86_64.whl", hash = "sha256:c06f11fcde231d6264dbe0b19d7b2942767a196e9c6f2cabf22fbb04094134af", size = 4729625, upload-time = "2025-04-29T20:44:34.747Z" },
    { url = "https://files.pythonhosted.org/packages/cd/62/7b89eb81430f5714bf56f257679998a9a09f327f60d3c061dece5b5b2797/gel-3.1.0-cp313-cp313-win_amd64.whl", hash = "sha256:48235a5082f03d7eccbcaa4255260c8a3cdb2cfd123f121dd6b0d3ebc51421ac", size = 831743, upload-time = "2025-04-29T20:44:36.992Z" },
]

[[package]]
name = "nicknames"
version = "0.1.0"
source = { virtual = "." }
dependencies = [
    { name = "gel" },
]

[package.metadata]
requires-dist = [{ name = "gel", specifier = ">=3.1.0" }]
